// !$*UTF8*$!
{
	archiveVersion = 1;
	classes = {
	};
	objectVersion = 46;
	objects = {

		9D957A7E72B9CFF376FD87A4 = {isa = PBXBuildFile; fileRef = 7475A580CCFAAF8CFA92087D; };
		CAC7DC948327673F6BE5D9E9 = {isa = PBXBuildFile; fileRef = 6CF80B071DE8B685876538CA; };
		C3346BCABB32CB0CD0FF2138 = {isa = PBXBuildFile; fileRef = B54149A86F3E5DDCB85A1000; };
		38AB9539F28F38BB41116F93 = {isa = PBXBuildFile; fileRef = 044A822D0ADDE2E8EB8AD9A3; };
		9801BAB27513D0218E644B04 = {isa = PBXBuildFile; fileRef = DCC642AEADE4833361E97C75; };
		51996B554A8CFAFCBE2536F8 = {isa = PBXBuildFile; fileRef = EEA0486E648FC2A8AA5CA152; };
		AFBF4044772BECFC6106AD2B = {isa = PBXBuildFile; fileRef = CB80ACBAAF55291F10C363D4; };
		AA3C5D68C05814D78F045038 = {isa = PBXBuildFile; fileRef = F6132D6E17BCD92B31FDDF34; };
		64CE167D9EA4E20C589CCB69 = {isa = PBXBuildFile; fileRef = 98B3864A166BD2E4E8EAFA86; };
		3F070DE472DDDA36EA72EF9B = {isa = PBXBuildFile; fileRef = A6AF9728E425B6A911268608; };
		DED462ACFBB280BB658AC21C = {isa = PBXBuildFile; fileRef = C0514761038FD67F05682CD0; };
		23208667494A9D6B47CA6A6C = {isa = PBXBuildFile; fileRef = 122466A138745B0CB705E80F; };
		20BF338360DC66BD58AC88C6 = {isa = PBXBuildFile; fileRef = 5A5550F2001BE774AFE0B1A0; };
		5AD1A48882E1D42B3970FF13 = {isa = PBXBuildFile; fileRef = 5C9A7444283568AC71FC2DEF; };
		F3858DB2B528570D27F20090 = {isa = PBXBuildFile; fileRef = C587844F546B7203ECB687FC; };
		199B58018DEF2008BFBB6554 = {isa = PBXBuildFile; fileRef = 007149778634D7092074BB4D; };
		06B2037F22F395C83BE71359 = {isa = PBXBuildFile; fileRef = 36C0CC4FE71CDF3B9B559F2E; };
		C23304AF5660C122F7B90274 = {isa = PBXBuildFile; fileRef = 62797BF3F44CD539612C515C; };
		ADB618F5F2C74B8A3F1C750B = {isa = PBXBuildFile; fileRef = C4AD5897555A82E95A3C653B; };
		7FA1644AAE34F625F90C6286 = {isa = PBXBuildFile; fileRef = 0B8F06D8484D478BA95143BB; };
		8D75E659F09BB246F1464E2C = {isa = PBXBuildFile; fileRef = C7A6C3609743F18085A10D1D; };
		296079ECECD1142FFBEC6CBA = {isa = PBXBuildFile; fileRef = E50B7A84722D79AC1E4344BC; };
		688D47805EB0879D6D79A329 = {isa = PBXBuildFile; fileRef = C7F10CF497EDCE50AF4D5FAD; };
		8E2CCD692EA59E479E694203 = {isa = PBXBuildFile; fileRef = 5349E44F070E37F334F8BF96; };
		B26298B360E0E26D2575FA17 = {isa = PBXBuildFile; fileRef = C8C4606B0FDAC2F79B63904E; };
		AE6992365DCAF8B939986B88 = {isa = PBXBuildFile; fileRef = 4433C419744E5F51C93BC845; };
		E48AE01361F34A49F55897C9 = {isa = PBXBuildFile; fileRef = 02D297194B1FCA2EA34B02F2; };
		2D54C02C18296A81E6C977A9 = {isa = PBXBuildFile; fileRef = B4C5E49228AA0A5CA31548D6; };
		14D5D6100218D84C68420673 = {isa = PBXBuildFile; fileRef = 6C5673C493E4D62C0AF46DA8; };
		B191AABF42631FA06D8A185F = {isa = PBXBuildFile; fileRef = 5B3BC10820E6A611DABD8729; };
		99082F613B373758743F33BF = {isa = PBXBuildFile; fileRef = B36A6A8C1F297790F513EB7A; };
		F3BE3E053459E88AD012F326 = {isa = PBXBuildFile; fileRef = 474DDE885F054A7ED164D80B; };
		327AF3D9942A4743F9A9AEA9 = {isa = PBXBuildFile; fileRef = 30225CAFF24A5E8A7531E022; };
		942A52A05DC815EBD4FA8915 = {isa = PBXBuildFile; fileRef = CCF8E049B7C519FADFD528CA; };
		8E4F5F4950B7AB6B0A59AE3D = {isa = PBXBuildFile; fileRef = 29DE7FC56CF14FE4B848F8DE; };
		2408AA7B3FFFD38D6C3A4F54 = {isa = PBXBuildFile; fileRef = 23A98EF4952082B85E5F0D25; };
		27BA49322E5BABB9B1F42BC5 = {isa = PBXBuildFile; fileRef = 4353030159FB67737EE1F315; };
		EED673758A6FC7D0A6B0C52F = {isa = PBXBuildFile; fileRef = 72B534CD3401D3AC6A967313; };
		C2D7ABF4039BE0B2374FB5DE = {isa = PBXBuildFile; fileRef = 0B86DB3AD5AA0BA100F14177; };
		D30FB772D84FB13EAA11B636 = {isa = PBXBuildFile; fileRef = 6D86D176AED817900C2A6146; };
		B6AE5F82D525BD83BF57B741 = {isa = PBXBuildFile; fileRef = 74D4FC32087E3B92D0095828; };
		6233E369A3662EDEF7B8623F = {isa = PBXBuildFile; fileRef = 3F77852EA045BC01FD952274; };
		E26D7AEB9EF0AC0653A4CB78 = {isa = PBXBuildFile; fileRef = 9058FF41E46FB0E3E9B87ECD; };
		0B848E16E85ED1F52DF80907 = {isa = PBXBuildFile; fileRef = 49DE9A74100AF836BE79DA10; };
		57419BFD0B4B9B1E69964213 = {isa = PBXBuildFile; fileRef = F242FFD309E0138277650FB1; };
		3E9E10D6F7EB3CB67FD1DB53 = {isa = PBXBuildFile; fileRef = 08AB5F685104E3887DB22E64; };
		F4269B09E4EFCC4B97975750 = {isa = PBXBuildFile; fileRef = 78CF02130470B0DF199BFE4D; };
		1D9D8391368BB021BF33FA4B = {isa = PBXBuildFile; fileRef = F3819962BCCA0FFB84A85D4D; };
		68239DD66E72F84CE1F6B9C6 = {isa = PBXBuildFile; fileRef = 27FB67CB900108B4EB782E29; };
		D673353C99BD85D8A990BAD9 = {isa = PBXBuildFile; fileRef = FBF9CD2E65EEB3748212C99F; };
		730F95F47F2F36C48A2192E5 = {isa = PBXBuildFile; fileRef = 18BDEA820B6F2CD4364DF315; };
		EFCA607CD9BFE5FFB0C5EB4F = {isa = PBXBuildFile; fileRef = A8B696393B6C2D1FA8BB77CF; };
		106CA89A4BFF31693AE6623A = {isa = PBXBuildFile; fileRef = 9A9663E9431C1A820CB6583F; };
		D95AADE70149AA5C757D3E95 = {isa = PBXBuildFile; fileRef = 81C8136BF1F71A275BF2561C; };
		CE3A1737CA7CCBC375B9DCE5 = {isa = PBXBuildFile; fileRef = 56D238A30B4E1D5AA3B25471; };
		3992C8972AF006A60D72FE06 = {isa = PBXBuildFile; fileRef = 25DC6C4C7401CC74CE409254; };
		70002F801E7C5DE4FCBBEF82 = {isa = PBXBuildFile; fileRef = D406AD4A6B5675853B7DB250; };
		2D65174E4252E7B0DDE73A95 = {isa = PBXBuildFile; fileRef = 2266105C58A20262A760003E; };
		868BA16EC241782C7B738A59 = {isa = PBXBuildFile; fileRef = D9EE6027142B724C69B450FF; };
		55CDC19B358583F23B28AC29 = {isa = PBXBuildFile; fileRef = CDBEB80894D3980DD403A5EC; };
		6EB421FE7A2B90EEB017A6DA = {isa = PBXBuildFile; fileRef = 977DAC5B2C07DD5584C15DBF; };
		9747606D292CC695624A3D5B = {isa = PBXBuildFile; fileRef = 4E8FC3078A1A9D24E5A7E814; };
		A264007561AB6B4F67CB6D6F = {isa = PBXBuildFile; fileRef = E73A12E34946BBACAC838276; };
		06FDC5F5ABB489D94684F058 = {isa = PBXBuildFile; fileRef = BD9F2699CDC1BCE424B488F9; };
		B8F9F77021BD294026D7884D = {isa = PBXBuildFile; fileRef = 0481A223478B0A675DB12A29; };
		79326E3D8A64D08EE4A8EE24 = {isa = PBXBuildFile; fileRef = 45A91118EC8FBC83B7A1581E; };
		007149778634D7092074BB4D = {isa = PBXFileReference; lastKnownFileType = sourcecode.cpp.cpp; name = MainWindow.cpp; path = ../../Source/Application/MainWindow.cpp; sourceTree = "SOURCE_ROOT"; };
		02D297194B1FCA2EA34B02F2 = {isa = PBXFileReference; lastKnownFileType = sourcecode.cpp.cpp; name = ResourceLoader.cpp; path = ../../Source/Utilities/ResourceLoader.cpp; sourceTree = "SOURCE_ROOT"; };
		037B77005CBAF42512ED5D1D = {isa = PBXFileReference; lastKnownFileType = sourcecode.c.h; name = ObjController.h; path = ../../Source/Controller/ObjController.h; sourceTree = "SOURCE_ROOT"; };
		044A822D0ADDE2E8EB8AD9A3 = {isa = PBXFileReference; lastKnownFileType = wrapper.framework; name = IOKit.framework; path = System/Library/Frameworks/IOKit.framework; sourceTree = SDKROOT; };
		0481A223478B0A675DB12A29 = {isa = PBXFileReference; lastKnownFileType = sourcecode.cpp.objcpp; name = "include_juce_gui_basics.mm"; path = "../../JuceLibraryCode/include_juce_gui_basics.mm"; sourceTree = "SOURCE_ROOT"; };
		0506C9B6BE47B3BBBCD63186 = {isa = PBXFileReference; lastKnownFileType = sourcecode.c.h; name = DirectedGraph.h; path = ../../Source/Graph/DirectedGraph.h; sourceTree = "SOURCE_ROOT"; };
		08AB5F685104E3887DB22E64 = {isa = PBXFileReference; lastKnownFileType = sourcecode.cpp.cpp; name = RedrawOptionsPanel.cpp; path = ../../Source/View/RedrawOptionsPanel.cpp; sourceTree = "SOURCE_ROOT"; };
		09FEA6D927B7795ACC0D1E89 = {isa = PBXFileReference; lastKnownFileType = sourcecode.c.h; name = ObjectsClipboard.h; path = ../../Source/Utilities/ObjectsClipboard.h; sourceTree = "SOURCE_ROOT"; };
		0A5D2DD3C8226EA3AB2077B4 = {isa = PBXFileReference; lastKnownFileType = sourcecode.c.h; name = CommandIDs.h; path = ../../Source/Application/CommandIDs.h; sourceTree = "SOURCE_ROOT"; };
		0AFCF4BCB36B6B81F63D50AA = {isa = PBXFileReference; lastKnownFileType = sourcecode.c.h; name = TestUtils.h; path = ../../Testsuite/TestUtils.h; sourceTree = "SOURCE_ROOT"; };
		0B86DB3AD5AA0BA100F14177 = {isa = PBXFileReference; lastKnownFileType = sourcecode.cpp.cpp; name = SAMCmd.cpp; path = ../../Source/Models/SAMCmd.cpp; sourceTree = "SOURCE_ROOT"; };
		0B8F06D8484D478BA95143BB = {isa = PBXFileReference; lastKnownFileType = sourcecode.cpp.cpp; name = ContextMenus.cpp; path = ../../Source/Utilities/ContextMenus.cpp; sourceTree = "SOURCE_ROOT"; };
		0CE21A8A2E77B95C98C83FD2 = {isa = PBXFileReference; lastKnownFileType = sourcecode.c.h; name = MainWindow.h; path = ../../Source/Application/MainWindow.h; sourceTree = "SOURCE_ROOT"; };
		122466A138745B0CB705E80F = {isa = PBXFileReference; lastKnownFileType = sourcecode.cpp.cpp; name = DirectedGraph.cpp; path = ../../Source/Graph/DirectedGraph.cpp; sourceTree = "SOURCE_ROOT"; };
		1738CF547698ED11B72E684C = {isa = PBXFileReference; lastKnownFileType = sourcecode.c.h; name = MDLParser.h; path = ../../Source/Utilities/MDLParser.h; sourceTree = "SOURCE_ROOT"; };
		18BDEA820B6F2CD4364DF315 = {isa = PBXFileReference; lastKnownFileType = sourcecode.cpp.cpp; name = BaseObjectComponent.cpp; path = ../../Source/View/BaseObjectComponent.cpp; sourceTree = "SOURCE_ROOT"; };
		192FD90D240141192400C360 = {isa = PBXFileReference; lastKnownFileType = image.png; name = "prefs_export.png"; path = "../../BinaryData/prefs_export.png"; sourceTree = "SOURCE_ROOT"; };
		1B34044D43B1A8CB3ADC5276 = {isa = PBXFileReference; lastKnownFileType = sourcecode.c.h; name = TestRunner.h; path = ../../Testsuite/TestRunner.h; sourceTree = "SOURCE_ROOT"; };
		1C9B10DAE1DB45A69342E7F8 = {isa = PBXFileReference; lastKnownFileType = sourcecode.c.h; name = Application.h; path = ../../Source/Application/Application.h; sourceTree = "SOURCE_ROOT"; };
		1EBAF58AC2AC31B67BBAFCA8 = {isa = PBXFileReference; lastKnownFileType = sourcecode.c.h; name = CommonHeaders.h; path = ../../Source/Application/CommonHeaders.h; sourceTree = "SOURCE_ROOT"; };
		2266105C58A20262A760003E = {isa = PBXFileReference; lastKnownFileType = sourcecode.cpp.cpp; name = ObjectsHolder.cpp; path = ../../Source/View/ObjectsHolder.cpp; sourceTree = "SOURCE_ROOT"; };
		22ABE19B1C7470F682C8CF37 = {isa = PBXFileReference; lastKnownFileType = sourcecode.c.h; name = StoredSettings.h; path = ../../Source/Utilities/StoredSettings.h; sourceTree = "SOURCE_ROOT"; };
		233F0CEC83F0DE98455A8415 = {isa = PBXFileReference; lastKnownFileType = file; name = "juce_events"; path = "../../../juce/modules/juce_events"; sourceTree = "SOURCE_ROOT"; };
		23A98EF4952082B85E5F0D25 = {isa = PBXFileReference; lastKnownFileType = sourcecode.cpp.cpp; name = MDLController.cpp; path = ../../Source/Controller/MDLController.cpp; sourceTree = "SOURCE_ROOT"; };
		23DD780F7276BBB16468D7AB = {isa = PBXFileReference; lastKnownFileType = sourcecode.c.h; name = ObjectIDs.h; path = ../../Source/Models/ObjectIDs.h; sourceTree = "SOURCE_ROOT"; };
		25DC6C4C7401CC74CE409254 = {isa = PBXFileReference; lastKnownFileType = sourcecode.cpp.cpp; name = PrefsPanel.cpp; path = ../../Source/View/PrefsPanel.cpp; sourceTree = "SOURCE_ROOT"; };
		26B928F2F7982F0AAB5FFD31 = {isa = PBXFileReference; lastKnownFileType = sourcecode.c.h; name = "MiscUtilities_test.h"; path = "../../Testsuite/MiscUtilities_test.h"; sourceTree = "SOURCE_ROOT"; };
		274FAEE5C2E6B783A9597578 = {isa = PBXFileReference; lastKnownFileType = sourcecode.c.h; name = MDLInformation.h; path = ../../Source/View/MDLInformation.h; sourceTree = "SOURCE_ROOT"; };
		27FB67CB900108B4EB782E29 = {isa = PBXFileReference; lastKnownFileType = sourcecode.cpp.cpp; name = SnapGridPainter.cpp; path = ../../Source/View/SnapGridPainter.cpp; sourceTree = "SOURCE_ROOT"; };
		29DE7FC56CF14FE4B848F8DE = {isa = PBXFileReference; lastKnownFileType = sourcecode.cpp.cpp; name = PostWindowController.cpp; path = ../../Source/Controller/PostWindowController.cpp; sourceTree = "SOURCE_ROOT"; };
		2B3080FCCA2331889DC5811E = {isa = PBXFileReference; lastKnownFileType = sourcecode.c.h; name = CommentEditor.h; path = ../../Source/View/CommentEditor.h; sourceTree = "SOURCE_ROOT"; };
		30225CAFF24A5E8A7531E022 = {isa = PBXFileReference; lastKnownFileType = sourcecode.cpp.cpp; name = GraphReflowController.cpp; path = ../../Source/Controller/GraphReflowController.cpp; sourceTree = "SOURCE_ROOT"; };
		36C0CC4FE71CDF3B9B559F2E = {isa = PBXFileReference; lastKnownFileType = sourcecode.cpp.cpp; name = Application.cpp; path = ../../Source/Application/Application.cpp; sourceTree = "SOURCE_ROOT"; };
		39C77BD3DC9C592B6C7D69D8 = {isa = PBXFileReference; lastKnownFileType = sourcecode.c.h; name = BinaryData.h; path = ../../JuceLibraryCode/BinaryData.h; sourceTree = "SOURCE_ROOT"; };
		3F77852EA045BC01FD952274 = {isa = PBXFileReference; lastKnownFileType = sourcecode.cpp.cpp; name = RedrawOptionsComponent.cpp; path = ../../Source/View/RedrawOptionsComponent.cpp; sourceTree = "SOURCE_ROOT"; };
		3FF2EB1A3A4250E1B9DBA18E = {isa = PBXFileReference; lastKnownFileType = sourcecode.c.h; name = SAMRegex.h; path = ../../Source/Utilities/SAMRegex.h; sourceTree = "SOURCE_ROOT"; };
		40078ECCB69A2C57681F7997 = {isa = PBXFileReference; lastKnownFileType = sourcecode.c.h; name = ForceDirectedFlowAlgorithm.h; path = ../../Source/Graph/ForceDirectedFlowAlgorithm.h; sourceTree = "SOURCE_ROOT"; };
		419812173D511095DFC1B189 = {isa = PBXFileReference; lastKnownFileType = sourcecode.c.h; name = ContentComp.h; path = ../../Source/View/ContentComp.h; sourceTree = "SOURCE_ROOT"; };
		4263100C9CD1BCD4907FEAB0 = {isa = PBXFileReference; lastKnownFileType = sourcecode.c.h; name = CommandLine.h; path = ../../Source/Application/CommandLine.h; sourceTree = "SOURCE_ROOT"; };
		4353030159FB67737EE1F315 = {isa = PBXFileReference; lastKnownFileType = sourcecode.cpp.cpp; name = ObjController.cpp; path = ../../Source/Controller/ObjController.cpp; sourceTree = "SOURCE_ROOT"; };
		4433C419744E5F51C93BC845 = {isa = PBXFileReference; lastKnownFileType = sourcecode.cpp.cpp; name = IdManager.cpp; path = ../../Source/Utilities/IdManager.cpp; sourceTree = "SOURCE_ROOT"; };
		4497989BAECF0A64DA258B4E = {isa = PBXFileReference; lastKnownFileType = sourcecode.c.h; name = FlowAlgorithm.h; path = ../../Source/Graph/FlowAlgorithm.h; sourceTree = "SOURCE_ROOT"; };
		4512E8276AE3722CF5AC3FFD = {isa = PBXFileReference; lastKnownFileType = sourcecode.c.h; name = ObjectComponent.h; path = ../../Source/View/ObjectComponent.h; sourceTree = "SOURCE_ROOT"; };
		45A91118EC8FBC83B7A1581E = {isa = PBXFileReference; lastKnownFileType = sourcecode.cpp.objcpp; name = "include_juce_gui_extra.mm"; path = "../../JuceLibraryCode/include_juce_gui_extra.mm"; sourceTree = "SOURCE_ROOT"; };
		474DDE885F054A7ED164D80B = {isa = PBXFileReference; lastKnownFileType = sourcecode.cpp.cpp; name = StoredSettings.cpp; path = ../../Source/Utilities/StoredSettings.cpp; sourceTree = "SOURCE_ROOT"; };
		49DE9A74100AF836BE79DA10 = {isa = PBXFileReference; lastKnownFileType = sourcecode.cpp.cpp; name = ObjectPropertiesComponent.cpp; path = ../../Source/View/ObjectPropertiesComponent.cpp; sourceTree = "SOURCE_ROOT"; };
		4B749D6760A995A645132342 = {isa = PBXFileReference; lastKnownFileType = sourcecode.c.h; name = ObjectsHolder.h; path = ../../Source/View/ObjectsHolder.h; sourceTree = "SOURCE_ROOT"; };
		4E8FC3078A1A9D24E5A7E814 = {isa = PBXFileReference; lastKnownFileType = sourcecode.cpp.objcpp; name = "include_juce_data_structures.mm"; path = "../../JuceLibraryCode/include_juce_data_structures.mm"; sourceTree = "SOURCE_ROOT"; };
		5349E44F070E37F334F8BF96 = {isa = PBXFileReference; lastKnownFileType = sourcecode.cpp.cpp; name = SAMRegex.cpp; path = ../../Source/Utilities/SAMRegex.cpp; sourceTree = "SOURCE_ROOT"; };
		55A21856B904214001CCFD2D = {isa = PBXFileReference; lastKnownFileType = sourcecode.c.h; name = TextConsole.h; path = ../../Source/View/TextConsole.h; sourceTree = "SOURCE_ROOT"; };
		56D238A30B4E1D5AA3B25471 = {isa = PBXFileReference; lastKnownFileType = sourcecode.cpp.cpp; name = PostWindow.cpp; path = ../../Source/View/PostWindow.cpp; sourceTree = "SOURCE_ROOT"; };
		57DD73F1AE544A540839929E = {isa = PBXFileReference; lastKnownFileType = sourcecode.c.h; name = "SAMCmd_test.h"; path = "../../Testsuite/SAMCmd_test.h"; sourceTree = "SOURCE_ROOT"; };
		592F887F07092C055D354099 = {isa = PBXFileReference; lastKnownFileType = image.png; name = "synthamodeler_icon.png"; path = "../../BinaryData/synthamodeler_icon.png"; sourceTree = "SOURCE_ROOT"; };
		5A5550F2001BE774AFE0B1A0 = {isa = PBXFileReference; lastKnownFileType = sourcecode.cpp.cpp; name = Node.cpp; path = ../../Source/Graph/Node.cpp; sourceTree = "SOURCE_ROOT"; };
		5B3BC10820E6A611DABD8729 = {isa = PBXFileReference; lastKnownFileType = sourcecode.cpp.cpp; name = Alerts.cpp; path = ../../Source/Utilities/Alerts.cpp; sourceTree = "SOURCE_ROOT"; };
		5C9A7444283568AC71FC2DEF = {isa = PBXFileReference; lastKnownFileType = sourcecode.cpp.cpp; name = CommandLine.cpp; path = ../../Source/Application/CommandLine.cpp; sourceTree = "SOURCE_ROOT"; };
		5EEE927E69EA3EFE8409AB89 = {isa = PBXFileReference; lastKnownFileType = sourcecode.c.h; name = CircleFlowAlgorithm.h; path = ../../Source/Graph/CircleFlowAlgorithm.h; sourceTree = "SOURCE_ROOT"; };
		6190B78C1CBE90A1107F4C12 = {isa = PBXFileReference; lastKnownFileType = image.png; name = "prefs_misc.png"; path = "../../BinaryData/prefs_misc.png"; sourceTree = "SOURCE_ROOT"; };
		62797BF3F44CD539612C515C = {isa = PBXFileReference; lastKnownFileType = sourcecode.cpp.cpp; name = Main.cpp; path = ../../Source/Application/Main.cpp; sourceTree = "SOURCE_ROOT"; };
		654477AA9D59626F390E330F = {isa = PBXFileReference; lastKnownFileType = sourcecode.c.h; name = "MDLFile_test.h"; path = "../../Testsuite/MDLFile_test.h"; sourceTree = "SOURCE_ROOT"; };
		6C5673C493E4D62C0AF46DA8 = {isa = PBXFileReference; lastKnownFileType = sourcecode.cpp.cpp; name = MDLWriter.cpp; path = ../../Source/Utilities/MDLWriter.cpp; sourceTree = "SOURCE_ROOT"; };
		6CF80B071DE8B685876538CA = {isa = PBXFileReference; lastKnownFileType = wrapper.framework; name = Carbon.framework; path = System/Library/Frameworks/Carbon.framework; sourceTree = SDKROOT; };
		6D86D176AED817900C2A6146 = {isa = PBXFileReference; lastKnownFileType = sourcecode.cpp.cpp; name = MDLFile.cpp; path = ../../Source/Models/MDLFile.cpp; sourceTree = "SOURCE_ROOT"; };
		6EC0335F2D8C6B65BE3CDEBD = {isa = PBXFileReference; lastKnownFileType = sourcecode.c.h; name = AppConfig.h; path = ../../JuceLibraryCode/AppConfig.h; sourceTree = "SOURCE_ROOT"; };
		72B534CD3401D3AC6A967313 = {isa = PBXFileReference; lastKnownFileType = sourcecode.cpp.cpp; name = ObjectFactory.cpp; path = ../../Source/Models/ObjectFactory.cpp; sourceTree = "SOURCE_ROOT"; };
		7475A580CCFAAF8CFA92087D = {isa = PBXFileReference; explicitFileType = wrapper.application; includeInIndex = 0; path = "Synth-A-Modeler-Designer.app"; sourceTree = "BUILT_PRODUCTS_DIR"; };
		74D4FC32087E3B92D0095828 = {isa = PBXFileReference; lastKnownFileType = sourcecode.cpp.cpp; name = PrefsMiscPage.cpp; path = ../../Source/View/PrefsMiscPage.cpp; sourceTree = "SOURCE_ROOT"; };
		78CF02130470B0DF199BFE4D = {isa = PBXFileReference; lastKnownFileType = sourcecode.cpp.cpp; name = CommentEditor.cpp; path = ../../Source/View/CommentEditor.cpp; sourceTree = "SOURCE_ROOT"; };
		7C40573013C4AF5B99C9B1A1 = {isa = PBXFileReference; lastKnownFileType = sourcecode.c.h; name = BaseObjectComponent.h; path = ../../Source/View/BaseObjectComponent.h; sourceTree = "SOURCE_ROOT"; };
		7C4AFEB7B17450E60E602DF1 = {isa = PBXFileReference; lastKnownFileType = text.plist.xml; name = "Info-App.plist"; path = "Info-App.plist"; sourceTree = "SOURCE_ROOT"; };
		7CDA1DA8D9E9830823DB7BFB = {isa = PBXFileReference; lastKnownFileType = sourcecode.c.h; name = MDLController.h; path = ../../Source/Controller/MDLController.h; sourceTree = "SOURCE_ROOT"; };
		7ED10F4BC574161313E9B98B = {isa = PBXFileReference; lastKnownFileType = sourcecode.c.h; name = CommentComponent.h; path = ../../Source/View/CommentComponent.h; sourceTree = "SOURCE_ROOT"; };
		81C8136BF1F71A275BF2561C = {isa = PBXFileReference; lastKnownFileType = sourcecode.cpp.cpp; name = ObjectComponent.cpp; path = ../../Source/View/ObjectComponent.cpp; sourceTree = "SOURCE_ROOT"; };
		824D231D507A492AF9D6868A = {isa = PBXFileReference; lastKnownFileType = sourcecode.c.h; name = MDLWriter.h; path = ../../Source/Utilities/MDLWriter.h; sourceTree = "SOURCE_ROOT"; };
		89A27F59EEAB465829EDDEF6 = {isa = PBXFileReference; lastKnownFileType = text.txt; name = "mdl_file_header.txt"; path = "../../BinaryData/mdl_file_header.txt"; sourceTree = "SOURCE_ROOT"; };
		8B34E08750775C9C0E1436CA = {isa = PBXFileReference; lastKnownFileType = sourcecode.c.h; name = FaustcodePanel.h; path = ../../Source/View/FaustcodePanel.h; sourceTree = "SOURCE_ROOT"; };
		8CE19FC02590BC849B585E57 = {isa = PBXFileReference; lastKnownFileType = sourcecode.c.h; name = Node.h; path = ../../Source/Graph/Node.h; sourceTree = "SOURCE_ROOT"; };
		9058FF41E46FB0E3E9B87ECD = {isa = PBXFileReference; lastKnownFileType = sourcecode.cpp.cpp; name = MDLInformation.cpp; path = ../../Source/View/MDLInformation.cpp; sourceTree = "SOURCE_ROOT"; };
		90ACF342DDFA3AE2D48A86ED = {isa = PBXFileReference; lastKnownFileType = sourcecode.c.h; name = SelectableObject.h; path = ../../Source/View/SelectableObject.h; sourceTree = "SOURCE_ROOT"; };
		93752F8CE0A3565295635491 = {isa = PBXFileReference; lastKnownFileType = text.txt; name = about.txt; path = ../../BinaryData/about.txt; sourceTree = "SOURCE_ROOT"; };
		93F28AE0171A429AAF4A87CC = {isa = PBXFileReference; lastKnownFileType = file.zip; name = icons.zip; path = ../../BinaryData/icons.zip; sourceTree = "SOURCE_ROOT"; };
		977DAC5B2C07DD5584C15DBF = {isa = PBXFileReference; lastKnownFileType = sourcecode.cpp.objcpp; name = "include_juce_cryptography.mm"; path = "../../JuceLibraryCode/include_juce_cryptography.mm"; sourceTree = "SOURCE_ROOT"; };
		9893A4C9DD0C5CB404F21529 = {isa = PBXFileReference; lastKnownFileType = sourcecode.c.h; name = Alerts.h; path = ../../Source/Utilities/Alerts.h; sourceTree = "SOURCE_ROOT"; };
		98B3864A166BD2E4E8EAFA86 = {isa = PBXFileReference; lastKnownFileType = sourcecode.cpp.cpp; name = CircleFlowAlgorithm.cpp; path = ../../Source/Graph/CircleFlowAlgorithm.cpp; sourceTree = "SOURCE_ROOT"; };
		99036994377EB4CEDA68131A = {isa = PBXFileReference; lastKnownFileType = file.xml; name = "default_exporters.xml"; path = "../../BinaryData/default_exporters.xml"; sourceTree = "SOURCE_ROOT"; };
		9A9663E9431C1A820CB6583F = {isa = PBXFileReference; lastKnownFileType = sourcecode.cpp.cpp; name = FaustcodePanel.cpp; path = ../../Source/View/FaustcodePanel.cpp; sourceTree = "SOURCE_ROOT"; };
		9B43B97C2D1214253B2B9FBA = {isa = PBXFileReference; lastKnownFileType = sourcecode.c.h; name = RedrawOptionsComponent.h; path = ../../Source/View/RedrawOptionsComponent.h; sourceTree = "SOURCE_ROOT"; };
		A0179A5A149BB93183B343ED = {isa = PBXFileReference; lastKnownFileType = sourcecode.c.h; name = MiscUtilities.h; path = ../../Source/Utilities/MiscUtilities.h; sourceTree = "SOURCE_ROOT"; };
		A0A079956E6032AA486D56DD = {isa = PBXFileReference; lastKnownFileType = sourcecode.c.h; name = JuceHeader.h; path = ../../JuceLibraryCode/JuceHeader.h; sourceTree = "SOURCE_ROOT"; };
		A0C53A8EDED5CA25DF372793 = {isa = PBXFileReference; lastKnownFileType = file; name = "juce_graphics"; path = "../../../juce/modules/juce_graphics"; sourceTree = "SOURCE_ROOT"; };
		A16F61722A8AD69528091FFF = {isa = PBXFileReference; lastKnownFileType = file; name = "juce_core"; path = "../../../juce/modules/juce_core"; sourceTree = "SOURCE_ROOT"; };
		A2F62B6E6E71363985605B90 = {isa = PBXFileReference; lastKnownFileType = sourcecode.c.h; name = SAMCmd.h; path = ../../Source/Models/SAMCmd.h; sourceTree = "SOURCE_ROOT"; };
		A4DC92182A41EA3ECA9188AA = {isa = PBXFileReference; lastKnownFileType = sourcecode.c.h; name = "MDLParser_test.h"; path = "../../Testsuite/MDLParser_test.h"; sourceTree = "SOURCE_ROOT"; };
		A6AF9728E425B6A911268608 = {isa = PBXFileReference; lastKnownFileType = sourcecode.cpp.cpp; name = GraphUtils.cpp; path = ../../Source/Graph/GraphUtils.cpp; sourceTree = "SOURCE_ROOT"; };
		A7E0B05335649CE7C3B5BD9B = {isa = PBXFileReference; lastKnownFileType = sourcecode.c.h; name = ObjectActions.h; path = ../../Source/Models/ObjectActions.h; sourceTree = "SOURCE_ROOT"; };
		A8B696393B6C2D1FA8BB77CF = {isa = PBXFileReference; lastKnownFileType = sourcecode.cpp.cpp; name = LinkComponent.cpp; path = ../../Source/View/LinkComponent.cpp; sourceTree = "SOURCE_ROOT"; };
		AC9302C828893A057F2F5D57 = {isa = PBXFileReference; lastKnownFileType = sourcecode.c.h; name = IdLabel.h; path = ../../Source/View/IdLabel.h; sourceTree = "SOURCE_ROOT"; };
		ACF83C6AE4FC75661872B5BA = {isa = PBXFileReference; lastKnownFileType = file.xml; name = "default_values.xml"; path = "../../BinaryData/default_values.xml"; sourceTree = "SOURCE_ROOT"; };
		AEFE185851FE679250532B35 = {isa = PBXFileReference; lastKnownFileType = sourcecode.c.h; name = SnapGridPainter.h; path = ../../Source/View/SnapGridPainter.h; sourceTree = "SOURCE_ROOT"; };
		AF5B4F31E8B1AE22A1BDBE4D = {isa = PBXFileReference; lastKnownFileType = sourcecode.c.h; name = ContextMenus.h; path = ../../Source/Utilities/ContextMenus.h; sourceTree = "SOURCE_ROOT"; };
		B0BBE7DBB3687CCB7B59064D = {isa = PBXFileReference; lastKnownFileType = sourcecode.c.h; name = PrefsMiscPage.h; path = ../../Source/View/PrefsMiscPage.h; sourceTree = "SOURCE_ROOT"; };
		B34836980060455E23C1A4FA = {isa = PBXFileReference; lastKnownFileType = sourcecode.c.h; name = ObjectsHelper.h; path = ../../Source/Utilities/ObjectsHelper.h; sourceTree = "SOURCE_ROOT"; };
		B36A6A8C1F297790F513EB7A = {isa = PBXFileReference; lastKnownFileType = sourcecode.cpp.cpp; name = MDLParser.cpp; path = ../../Source/Utilities/MDLParser.cpp; sourceTree = "SOURCE_ROOT"; };
		B4C5E49228AA0A5CA31548D6 = {isa = PBXFileReference; lastKnownFileType = sourcecode.cpp.cpp; name = MiscUtilities.cpp; path = ../../Source/Utilities/MiscUtilities.cpp; sourceTree = "SOURCE_ROOT"; };
		B54149A86F3E5DDCB85A1000 = {isa = PBXFileReference; lastKnownFileType = wrapper.framework; name = Cocoa.framework; path = System/Library/Frameworks/Cocoa.framework; sourceTree = SDKROOT; };
		B6CF8E85AE52002912E8CFF2 = {isa = PBXFileReference; lastKnownFileType = sourcecode.c.h; name = RedrawOptionsPanel.h; path = ../../Source/View/RedrawOptionsPanel.h; sourceTree = "SOURCE_ROOT"; };
		B701D7590CF62D27A63DDA8A = {isa = PBXFileReference; lastKnownFileType = sourcecode.c.h; name = CmdHelper.h; path = ../../Source/Utilities/CmdHelper.h; sourceTree = "SOURCE_ROOT"; };
		B8E6C0A9C293306E6A675ED8 = {isa = PBXFileReference; lastKnownFileType = sourcecode.c.h; name = Connector.h; path = ../../Source/View/Connector.h; sourceTree = "SOURCE_ROOT"; };
		B9D1696C1D68E43A2B4F7A2C = {isa = PBXFileReference; lastKnownFileType = sourcecode.c.h; name = MDLHelper.h; path = ../../Source/Utilities/MDLHelper.h; sourceTree = "SOURCE_ROOT"; };
		BBB34826BDA2187A17BB33EE = {isa = PBXFileReference; lastKnownFileType = sourcecode.c.h; name = GraphUtils.h; path = ../../Source/Graph/GraphUtils.h; sourceTree = "SOURCE_ROOT"; };
		BD9F2699CDC1BCE424B488F9 = {isa = PBXFileReference; lastKnownFileType = sourcecode.cpp.objcpp; name = "include_juce_graphics.mm"; path = "../../JuceLibraryCode/include_juce_graphics.mm"; sourceTree = "SOURCE_ROOT"; };
		BEA8501C1FFA54989497FA57 = {isa = PBXFileReference; lastKnownFileType = sourcecode.c.h; name = GraphReflowController.h; path = ../../Source/Controller/GraphReflowController.h; sourceTree = "SOURCE_ROOT"; };
		BEF6F671AFDED41A0FF25D98 = {isa = PBXFileReference; lastKnownFileType = sourcecode.c.h; name = RegularExpression.h; path = ../../Source/Utilities/RegularExpression.h; sourceTree = "SOURCE_ROOT"; };
		C0514761038FD67F05682CD0 = {isa = PBXFileReference; lastKnownFileType = sourcecode.cpp.cpp; name = ForceDirectedFlowAlgorithm.cpp; path = ../../Source/Graph/ForceDirectedFlowAlgorithm.cpp; sourceTree = "SOURCE_ROOT"; };
		C4AD5897555A82E95A3C653B = {isa = PBXFileReference; lastKnownFileType = sourcecode.cpp.cpp; name = CmdHelper.cpp; path = ../../Source/Utilities/CmdHelper.cpp; sourceTree = "SOURCE_ROOT"; };
		C587844F546B7203ECB687FC = {isa = PBXFileReference; lastKnownFileType = sourcecode.cpp.cpp; name = SAMLookAndFeel.cpp; path = ../../Source/Application/SAMLookAndFeel.cpp; sourceTree = "SOURCE_ROOT"; };
		C7A6C3609743F18085A10D1D = {isa = PBXFileReference; lastKnownFileType = sourcecode.cpp.cpp; name = ObjectsClipboard.cpp; path = ../../Source/Utilities/ObjectsClipboard.cpp; sourceTree = "SOURCE_ROOT"; };
		C7F10CF497EDCE50AF4D5FAD = {isa = PBXFileReference; lastKnownFileType = sourcecode.cpp.cpp; name = MDLHelper.cpp; path = ../../Source/Utilities/MDLHelper.cpp; sourceTree = "SOURCE_ROOT"; };
		C8C4606B0FDAC2F79B63904E = {isa = PBXFileReference; lastKnownFileType = sourcecode.cpp.cpp; name = RegularExpression.cpp; path = ../../Source/Utilities/RegularExpression.cpp; sourceTree = "SOURCE_ROOT"; };
		CAA3E552AF3483CC7BF55127 = {isa = PBXFileReference; lastKnownFileType = sourcecode.c.h; name = SAMCmdController.h; path = ../../Source/Controller/SAMCmdController.h; sourceTree = "SOURCE_ROOT"; };
		CB80ACBAAF55291F10C363D4 = {isa = PBXFileReference; lastKnownFileType = file.nib; name = RecentFilesMenuTemplate.nib; path = RecentFilesMenuTemplate.nib; sourceTree = "SOURCE_ROOT"; };
		CCF8E049B7C519FADFD528CA = {isa = PBXFileReference; lastKnownFileType = sourcecode.cpp.cpp; name = SAMCmdController.cpp; path = ../../Source/Controller/SAMCmdController.cpp; sourceTree = "SOURCE_ROOT"; };
		CDBEB80894D3980DD403A5EC = {isa = PBXFileReference; lastKnownFileType = sourcecode.cpp.objcpp; name = "include_juce_core.mm"; path = "../../JuceLibraryCode/include_juce_core.mm"; sourceTree = "SOURCE_ROOT"; };
		CFB55CD7CA36DAA2F3B7E215 = {isa = PBXFileReference; lastKnownFileType = file; name = "juce_gui_extra"; path = "../../../juce/modules/juce_gui_extra"; sourceTree = "SOURCE_ROOT"; };
		D31EC86BAF057BECA2C4F8DC = {isa = PBXFileReference; lastKnownFileType = sourcecode.c.h; name = ObjectPropertiesComponent.h; path = ../../Source/View/ObjectPropertiesComponent.h; sourceTree = "SOURCE_ROOT"; };
		D406AD4A6B5675853B7DB250 = {isa = PBXFileReference; lastKnownFileType = sourcecode.cpp.cpp; name = ContentComp.cpp; path = ../../Source/View/ContentComp.cpp; sourceTree = "SOURCE_ROOT"; };
		D4B10213F841A39EAB7458DE = {isa = PBXFileReference; lastKnownFileType = sourcecode.c.h; name = ObjectFactory.h; path = ../../Source/Models/ObjectFactory.h; sourceTree = "SOURCE_ROOT"; };
		D777F7343B8EB7B114576DD1 = {isa = PBXFileReference; lastKnownFileType = sourcecode.c.h; name = LinkComponent.h; path = ../../Source/View/LinkComponent.h; sourceTree = "SOURCE_ROOT"; };
		D9EE6027142B724C69B450FF = {isa = PBXFileReference; lastKnownFileType = sourcecode.cpp.cpp; name = BinaryData.cpp; path = ../../JuceLibraryCode/BinaryData.cpp; sourceTree = "SOURCE_ROOT"; };
		DAB24EB7B3A665A91C8084CF = {isa = PBXFileReference; lastKnownFileType = sourcecode.c.h; name = MDLFile.h; path = ../../Source/Models/MDLFile.h; sourceTree = "SOURCE_ROOT"; };
		DCC642AEADE4833361E97C75 = {isa = PBXFileReference; lastKnownFileType = wrapper.framework; name = QuartzCore.framework; path = System/Library/Frameworks/QuartzCore.framework; sourceTree = SDKROOT; };
		E2BB85558B57EBB420FFDED6 = {isa = PBXFileReference; lastKnownFileType = image.png; name = "prefs_about.png"; path = "../../BinaryData/prefs_about.png"; sourceTree = "SOURCE_ROOT"; };
		E50B7A84722D79AC1E4344BC = {isa = PBXFileReference; lastKnownFileType = sourcecode.cpp.cpp; name = ObjectsHelper.cpp; path = ../../Source/Utilities/ObjectsHelper.cpp; sourceTree = "SOURCE_ROOT"; };
		E57DB5D7210CEDEB83E1CA03 = {isa = PBXFileReference; lastKnownFileType = sourcecode.c.h; name = SAMLookAndFeel.h; path = ../../Source/Application/SAMLookAndFeel.h; sourceTree = "SOURCE_ROOT"; };
		E64D18EB464AACD6D87870C4 = {isa = PBXFileReference; lastKnownFileType = sourcecode.c.h; name = ResourceLoader.h; path = ../../Source/Utilities/ResourceLoader.h; sourceTree = "SOURCE_ROOT"; };
		E73A12E34946BBACAC838276 = {isa = PBXFileReference; lastKnownFileType = sourcecode.cpp.objcpp; name = "include_juce_events.mm"; path = "../../JuceLibraryCode/include_juce_events.mm"; sourceTree = "SOURCE_ROOT"; };
		E88EFE0963DC8515E51702E7 = {isa = PBXFileReference; lastKnownFileType = file; name = "juce_cryptography"; path = "../../../juce/modules/juce_cryptography"; sourceTree = "SOURCE_ROOT"; };
		EEA0486E648FC2A8AA5CA152 = {isa = PBXFileReference; lastKnownFileType = wrapper.framework; name = WebKit.framework; path = System/Library/Frameworks/WebKit.framework; sourceTree = SDKROOT; };
		F07F3DCCC0C33B199F219132 = {isa = PBXFileReference; lastKnownFileType = sourcecode.c.h; name = IdManager.h; path = ../../Source/Utilities/IdManager.h; sourceTree = "SOURCE_ROOT"; };
		F0899202F670B6DE46332741 = {isa = PBXFileReference; lastKnownFileType = sourcecode.c.h; name = PrefsPanel.h; path = ../../Source/View/PrefsPanel.h; sourceTree = "SOURCE_ROOT"; };
		F242FFD309E0138277650FB1 = {isa = PBXFileReference; lastKnownFileType = sourcecode.cpp.cpp; name = PropertiesWindow.cpp; path = ../../Source/View/PropertiesWindow.cpp; sourceTree = "SOURCE_ROOT"; };
		F33FA5D3C7CE3D8910AC80BA = {isa = PBXFileReference; lastKnownFileType = sourcecode.c.h; name = PostWindow.h; path = ../../Source/View/PostWindow.h; sourceTree = "SOURCE_ROOT"; };
		F3819962BCCA0FFB84A85D4D = {isa = PBXFileReference; lastKnownFileType = sourcecode.cpp.cpp; name = CommentComponent.cpp; path = ../../Source/View/CommentComponent.cpp; sourceTree = "SOURCE_ROOT"; };
		F6132D6E17BCD92B31FDDF34 = {isa = PBXFileReference; lastKnownFileType = file.icns; name = Icon.icns; path = Icon.icns; sourceTree = "SOURCE_ROOT"; };
		F844BEC1D41FD176F83EEB7C = {isa = PBXFileReference; lastKnownFileType = sourcecode.c.h; name = PostWindowController.h; path = ../../Source/Controller/PostWindowController.h; sourceTree = "SOURCE_ROOT"; };
		FA87176948778D7DDEEE0809 = {isa = PBXFileReference; lastKnownFileType = file; name = "juce_data_structures"; path = "../../../juce/modules/juce_data_structures"; sourceTree = "SOURCE_ROOT"; };
		FAC72CD9704ECB5214083976 = {isa = PBXFileReference; lastKnownFileType = file; name = "juce_gui_basics"; path = "../../../juce/modules/juce_gui_basics"; sourceTree = "SOURCE_ROOT"; };
		FAEE555E69B6D9CAC443D6ED = {isa = PBXFileReference; lastKnownFileType = sourcecode.c.h; name = PropertiesWindow.h; path = ../../Source/View/PropertiesWindow.h; sourceTree = "SOURCE_ROOT"; };
		FBF9CD2E65EEB3748212C99F = {isa = PBXFileReference; lastKnownFileType = sourcecode.cpp.cpp; name = Connector.cpp; path = ../../Source/View/Connector.cpp; sourceTree = "SOURCE_ROOT"; };
		1B5DAF0A06E52FE2A8238791 = {isa = PBXGroup; children = (
					ACF83C6AE4FC75661872B5BA,
					99036994377EB4CEDA68131A,
					192FD90D240141192400C360,
					89A27F59EEAB465829EDDEF6,
					93752F8CE0A3565295635491,
					E2BB85558B57EBB420FFDED6,
					6190B78C1CBE90A1107F4C12,
					93F28AE0171A429AAF4A87CC,
					592F887F07092C055D354099, ); name = BinaryData; sourceTree = "<group>"; };
		7B663E5AD6F8A8B4F6CBED55 = {isa = PBXGroup; children = (
					26B928F2F7982F0AAB5FFD31,
					A4DC92182A41EA3ECA9188AA,
					654477AA9D59626F390E330F,
					0AFCF4BCB36B6B81F63D50AA,
					57DD73F1AE544A540839929E,
					1B34044D43B1A8CB3ADC5276, ); name = Testsuite; sourceTree = "<group>"; };
		8D571EF8CC3A78D5DB846E8B = {isa = PBXGroup; children = (
					98B3864A166BD2E4E8EAFA86,
					5EEE927E69EA3EFE8409AB89,
					A6AF9728E425B6A911268608,
					BBB34826BDA2187A17BB33EE,
					C0514761038FD67F05682CD0,
					40078ECCB69A2C57681F7997,
					4497989BAECF0A64DA258B4E,
					122466A138745B0CB705E80F,
					0506C9B6BE47B3BBBCD63186,
					5A5550F2001BE774AFE0B1A0,
					8CE19FC02590BC849B585E57, ); name = Graph; sourceTree = "<group>"; };
		474260B5266DB116F791841F = {isa = PBXGroup; children = (
					5C9A7444283568AC71FC2DEF,
					4263100C9CD1BCD4907FEAB0,
					C587844F546B7203ECB687FC,
					E57DB5D7210CEDEB83E1CA03,
					007149778634D7092074BB4D,
					0CE21A8A2E77B95C98C83FD2,
					36C0CC4FE71CDF3B9B559F2E,
					1C9B10DAE1DB45A69342E7F8,
					0A5D2DD3C8226EA3AB2077B4,
					1EBAF58AC2AC31B67BBAFCA8,
					62797BF3F44CD539612C515C, ); name = Application; sourceTree = "<group>"; };
		126C85E7F0EFC183C94CE79B = {isa = PBXGroup; children = (
					C4AD5897555A82E95A3C653B,
					B701D7590CF62D27A63DDA8A,
					0B8F06D8484D478BA95143BB,
					AF5B4F31E8B1AE22A1BDBE4D,
					C7A6C3609743F18085A10D1D,
					09FEA6D927B7795ACC0D1E89,
					E50B7A84722D79AC1E4344BC,
					B34836980060455E23C1A4FA,
					C7F10CF497EDCE50AF4D5FAD,
					B9D1696C1D68E43A2B4F7A2C,
					5349E44F070E37F334F8BF96,
					3FF2EB1A3A4250E1B9DBA18E,
					C8C4606B0FDAC2F79B63904E,
					BEF6F671AFDED41A0FF25D98,
					4433C419744E5F51C93BC845,
					F07F3DCCC0C33B199F219132,
					02D297194B1FCA2EA34B02F2,
					E64D18EB464AACD6D87870C4,
					B4C5E49228AA0A5CA31548D6,
					A0179A5A149BB93183B343ED,
					6C5673C493E4D62C0AF46DA8,
					824D231D507A492AF9D6868A,
					5B3BC10820E6A611DABD8729,
					9893A4C9DD0C5CB404F21529,
					B36A6A8C1F297790F513EB7A,
					1738CF547698ED11B72E684C,
					474DDE885F054A7ED164D80B,
					22ABE19B1C7470F682C8CF37, ); name = Utilities; sourceTree = "<group>"; };
		6EA6EDB5C0026CA58DC54771 = {isa = PBXGroup; children = (
					30225CAFF24A5E8A7531E022,
					BEA8501C1FFA54989497FA57,
					CCF8E049B7C519FADFD528CA,
					CAA3E552AF3483CC7BF55127,
					29DE7FC56CF14FE4B848F8DE,
					F844BEC1D41FD176F83EEB7C,
					23A98EF4952082B85E5F0D25,
					7CDA1DA8D9E9830823DB7BFB,
					4353030159FB67737EE1F315,
					037B77005CBAF42512ED5D1D, ); name = Controller; sourceTree = "<group>"; };
		27809322DD9889259F3FDEBF = {isa = PBXGroup; children = (
					72B534CD3401D3AC6A967313,
					D4B10213F841A39EAB7458DE,
					A7E0B05335649CE7C3B5BD9B,
					23DD780F7276BBB16468D7AB,
					0B86DB3AD5AA0BA100F14177,
					A2F62B6E6E71363985605B90,
					6D86D176AED817900C2A6146,
					DAB24EB7B3A665A91C8084CF, ); name = Models; sourceTree = "<group>"; };
		4DEEA855D4534812E489CDE1 = {isa = PBXGroup; children = (
					AC9302C828893A057F2F5D57,
					74D4FC32087E3B92D0095828,
					B0BBE7DBB3687CCB7B59064D,
					3F77852EA045BC01FD952274,
					9B43B97C2D1214253B2B9FBA,
					9058FF41E46FB0E3E9B87ECD,
					274FAEE5C2E6B783A9597578,
					49DE9A74100AF836BE79DA10,
					D31EC86BAF057BECA2C4F8DC,
					F242FFD309E0138277650FB1,
					FAEE555E69B6D9CAC443D6ED,
					08AB5F685104E3887DB22E64,
					B6CF8E85AE52002912E8CFF2,
					78CF02130470B0DF199BFE4D,
					2B3080FCCA2331889DC5811E,
					F3819962BCCA0FFB84A85D4D,
					7ED10F4BC574161313E9B98B,
					27FB67CB900108B4EB782E29,
					AEFE185851FE679250532B35,
					90ACF342DDFA3AE2D48A86ED,
					FBF9CD2E65EEB3748212C99F,
					B8E6C0A9C293306E6A675ED8,
					18BDEA820B6F2CD4364DF315,
					7C40573013C4AF5B99C9B1A1,
					A8B696393B6C2D1FA8BB77CF,
					D777F7343B8EB7B114576DD1,
					9A9663E9431C1A820CB6583F,
					8B34E08750775C9C0E1436CA,
					81C8136BF1F71A275BF2561C,
					4512E8276AE3722CF5AC3FFD,
					56D238A30B4E1D5AA3B25471,
					F33FA5D3C7CE3D8910AC80BA,
					25DC6C4C7401CC74CE409254,
					F0899202F670B6DE46332741,
					D406AD4A6B5675853B7DB250,
					419812173D511095DFC1B189,
					2266105C58A20262A760003E,
					4B749D6760A995A645132342,
					55A21856B904214001CCFD2D, ); name = View; sourceTree = "<group>"; };
		230A531D6DB62E9CB301328D = {isa = PBXGroup; children = (
					8D571EF8CC3A78D5DB846E8B,
					474260B5266DB116F791841F,
					126C85E7F0EFC183C94CE79B,
					6EA6EDB5C0026CA58DC54771,
					27809322DD9889259F3FDEBF,
					4DEEA855D4534812E489CDE1, ); name = Source; sourceTree = "<group>"; };
		E24DC0ED6AB795279BBB3E69 = {isa = PBXGroup; children = (
					1B5DAF0A06E52FE2A8238791,
					7B663E5AD6F8A8B4F6CBED55,
					230A531D6DB62E9CB301328D, ); name = "Synth-A-Modeler-Designer"; sourceTree = "<group>"; };
		EA25CF098E8024797EE37519 = {isa = PBXGroup; children = (
					A16F61722A8AD69528091FFF,
					E88EFE0963DC8515E51702E7,
					FA87176948778D7DDEEE0809,
					233F0CEC83F0DE98455A8415,
					A0C53A8EDED5CA25DF372793,
					FAC72CD9704ECB5214083976,
					CFB55CD7CA36DAA2F3B7E215, ); name = "JUCE Modules"; sourceTree = "<group>"; };
		CC07A534C82C29B9EA08DA1B = {isa = PBXGroup; children = (
					6EC0335F2D8C6B65BE3CDEBD,
					D9EE6027142B724C69B450FF,
					39C77BD3DC9C592B6C7D69D8,
					CDBEB80894D3980DD403A5EC,
					977DAC5B2C07DD5584C15DBF,
					4E8FC3078A1A9D24E5A7E814,
					E73A12E34946BBACAC838276,
					BD9F2699CDC1BCE424B488F9,
					0481A223478B0A675DB12A29,
					45A91118EC8FBC83B7A1581E,
					A0A079956E6032AA486D56DD, ); name = "JUCE Library Code"; sourceTree = "<group>"; };
		4BF1DC4005153BBD35EB2B13 = {isa = PBXGroup; children = (
					7C4AFEB7B17450E60E602DF1,
					CB80ACBAAF55291F10C363D4,
					F6132D6E17BCD92B31FDDF34, ); name = Resources; sourceTree = "<group>"; };
		A7C7991C8ADFF6102B58C7B5 = {isa = PBXGroup; children = (
					6CF80B071DE8B685876538CA,
					B54149A86F3E5DDCB85A1000,
					044A822D0ADDE2E8EB8AD9A3,
					DCC642AEADE4833361E97C75,
					EEA0486E648FC2A8AA5CA152, ); name = Frameworks; sourceTree = "<group>"; };
		55DF8A775DCED3F5C5AEC2CD = {isa = PBXGroup; children = (
					7475A580CCFAAF8CFA92087D, ); name = Products; sourceTree = "<group>"; };
		55A50953C9250DCBED9B2127 = {isa = PBXGroup; children = (
					E24DC0ED6AB795279BBB3E69,
					EA25CF098E8024797EE37519,
					CC07A534C82C29B9EA08DA1B,
					4BF1DC4005153BBD35EB2B13,
					A7C7991C8ADFF6102B58C7B5,
					55DF8A775DCED3F5C5AEC2CD, ); name = Source; sourceTree = "<group>"; };
		16F50977D9C4661257B177BD = {isa = XCBuildConfiguration; buildSettings = {
				CLANG_CXX_LANGUAGE_STANDARD = "c++14";
				CLANG_CXX_LIBRARY = "libc++";
				CLANG_LINK_OBJC_RUNTIME = NO;
				COMBINE_HIDPI_IMAGES = YES;
				CONFIGURATION_BUILD_DIR = "$(PROJECT_DIR)/build/$(CONFIGURATION)";
				COPY_PHASE_STRIP = NO;
				GCC_DYNAMIC_NO_PIC = NO;
				GCC_OPTIMIZATION_LEVEL = 0;
				GCC_PREPROCESSOR_DEFINITIONS = (
					"_DEBUG=1",
					"DEBUG=1",
					"UNIT_TESTS=1",
					"JUCER_XCODE_MAC_F6D2F4CF=1",
					"JUCE_APP_VERSION=0.4.2",
					"JUCE_APP_VERSION_HEX=0x402",
					"JucePlugin_Build_VST=0",
					"JucePlugin_Build_VST3=0",
					"JucePlugin_Build_AU=0",
					"JucePlugin_Build_AUv3=0",
					"JucePlugin_Build_RTAS=0",
					"JucePlugin_Build_AAX=0",
					"JucePlugin_Build_Standalone=0", );
				GCC_VERSION = com.apple.compilers.llvm.clang.1_0;
				HEADER_SEARCH_PATHS = ("../../JuceLibraryCode", "../../../juce/modules", "$(inherited)");
				INFOPLIST_FILE = Info-App.plist;
				INFOPLIST_PREPROCESS = NO;
				INSTALL_PATH = "$(HOME)/Applications";
				MACOSX_DEPLOYMENT_TARGET = 10.11;
				MACOSX_DEPLOYMENT_TARGET_ppc = 10.4;
				OTHER_CPLUSPLUSFLAGS = "-I../../Source -I../../Testsuite -I/usr/local/include";
				OTHER_LDFLAGS = "/usr/local/lib/libpcre.a";
				PRODUCT_BUNDLE_IDENTIFIER = net.petervasil.SynthAModelerDesigner;
				SDKROOT_ppc = macosx10.5;
				USE_HEADERMAP = NO; }; name = Debug; };
		D244B2734022FB608DA18B4D = {isa = XCBuildConfiguration; buildSettings = {
				CLANG_CXX_LANGUAGE_STANDARD = "c++14";
				CLANG_CXX_LIBRARY = "libc++";
				CLANG_LINK_OBJC_RUNTIME = NO;
				COMBINE_HIDPI_IMAGES = YES;
				CONFIGURATION_BUILD_DIR = "$(PROJECT_DIR)/build/$(CONFIGURATION)";
				DEAD_CODE_STRIPPING = YES;
				GCC_GENERATE_DEBUGGING_SYMBOLS = NO;
				GCC_OPTIMIZATION_LEVEL = 3;
				GCC_PREPROCESSOR_DEFINITIONS = (
					"_NDEBUG=1",
					"NDEBUG=1",
					"JUCER_XCODE_MAC_F6D2F4CF=1",
					"JUCE_APP_VERSION=0.4.2",
					"JUCE_APP_VERSION_HEX=0x402",
					"JucePlugin_Build_VST=0",
					"JucePlugin_Build_VST3=0",
					"JucePlugin_Build_AU=0",
					"JucePlugin_Build_AUv3=0",
					"JucePlugin_Build_RTAS=0",
					"JucePlugin_Build_AAX=0",
					"JucePlugin_Build_Standalone=0", );
				GCC_SYMBOLS_PRIVATE_EXTERN = YES;
				GCC_VERSION = com.apple.compilers.llvm.clang.1_0;
				HEADER_SEARCH_PATHS = ("../../JuceLibraryCode", "../../../juce/modules", "$(inherited)");
				INFOPLIST_FILE = Info-App.plist;
				INFOPLIST_PREPROCESS = NO;
				INSTALL_PATH = "$(HOME)/Applications";
				LLVM_LTO = YES;
				MACOSX_DEPLOYMENT_TARGET = 10.7;
				MACOSX_DEPLOYMENT_TARGET_ppc = 10.4;
				OTHER_CPLUSPLUSFLAGS = "-I../../Source -I../../Testsuite -I/usr/local/include";
				OTHER_LDFLAGS = "/usr/local/lib/libpcre.a";
				PRODUCT_BUNDLE_IDENTIFIER = net.petervasil.SynthAModelerDesigner;
				SDKROOT_ppc = macosx10.5;
				USE_HEADERMAP = NO; }; name = Release; };
		CB7D49DC606871A43686D7A5 = {isa = XCBuildConfiguration; buildSettings = {
				ALWAYS_SEARCH_USER_PATHS = NO;
				CLANG_WARN_BLOCK_CAPTURE_AUTORELEASING = YES;
				CLANG_WARN_BOOL_CONVERSION = YES;
				CLANG_WARN_COMMA = YES;
				CLANG_WARN_CONSTANT_CONVERSION = YES;
				CLANG_WARN_EMPTY_BODY = YES;
				CLANG_WARN_ENUM_CONVERSION = YES;
				CLANG_WARN_INFINITE_RECURSION = YES;
				CLANG_WARN_INT_CONVERSION = YES;
				CLANG_WARN_NON_LITERAL_NULL_CONVERSION = YES;
				CLANG_WARN_OBJC_LITERAL_CONVERSION = YES;
				CLANG_WARN_RANGE_LOOP_ANALYSIS = YES;
				CLANG_WARN_STRICT_PROTOTYPES = YES;
				CLANG_WARN_SUSPICIOUS_MOVE = YES;
				CLANG_WARN_UNREACHABLE_CODE = YES;
				CLANG_WARN__DUPLICATE_METHOD_MATCH = YES;
				DEBUG_INFORMATION_FORMAT = "dwarf";
				ENABLE_STRICT_OBJC_MSGSEND = YES;
				ENABLE_TESTABILITY = YES;
				GCC_C_LANGUAGE_STANDARD = c11;
				GCC_INLINES_ARE_PRIVATE_EXTERN = YES;
				GCC_MODEL_TUNING = G5;
				GCC_NO_COMMON_BLOCKS = YES;
				GCC_WARN_64_TO_32_BIT_CONVERSION = YES;
				GCC_WARN_ABOUT_RETURN_TYPE = YES;
				GCC_WARN_CHECK_SWITCH_STATEMENTS = YES;
				GCC_WARN_MISSING_PARENTHESES = YES;
				GCC_WARN_NON_VIRTUAL_DESTRUCTOR = YES;
				GCC_WARN_TYPECHECK_CALLS_TO_PRINTF = YES;
				GCC_WARN_UNDECLARED_SELECTOR = YES;
				GCC_WARN_UNINITIALIZED_AUTOS = YES;
				GCC_WARN_UNUSED_FUNCTION = YES;
				GCC_WARN_UNUSED_VARIABLE = YES;
				ONLY_ACTIVE_ARCH = YES;
				PRODUCT_NAME = "Synth-A-Modeler-Designer";
				WARNING_CFLAGS = -Wreorder;
				ZERO_LINK = NO; }; name = Debug; };
		9A75537CD7000D20379515CF = {isa = XCBuildConfiguration; buildSettings = {
				ALWAYS_SEARCH_USER_PATHS = NO;
				CLANG_WARN_BLOCK_CAPTURE_AUTORELEASING = YES;
				CLANG_WARN_BOOL_CONVERSION = YES;
				CLANG_WARN_COMMA = YES;
				CLANG_WARN_CONSTANT_CONVERSION = YES;
				CLANG_WARN_EMPTY_BODY = YES;
				CLANG_WARN_ENUM_CONVERSION = YES;
				CLANG_WARN_INFINITE_RECURSION = YES;
				CLANG_WARN_INT_CONVERSION = YES;
				CLANG_WARN_NON_LITERAL_NULL_CONVERSION = YES;
				CLANG_WARN_OBJC_LITERAL_CONVERSION = YES;
				CLANG_WARN_RANGE_LOOP_ANALYSIS = YES;
				CLANG_WARN_STRICT_PROTOTYPES = YES;
				CLANG_WARN_SUSPICIOUS_MOVE = YES;
				CLANG_WARN_UNREACHABLE_CODE = YES;
				CLANG_WARN__DUPLICATE_METHOD_MATCH = YES;
				DEBUG_INFORMATION_FORMAT = "dwarf";
				ENABLE_STRICT_OBJC_MSGSEND = YES;
				GCC_C_LANGUAGE_STANDARD = c11;
				GCC_INLINES_ARE_PRIVATE_EXTERN = YES;
				GCC_MODEL_TUNING = G5;
				GCC_NO_COMMON_BLOCKS = YES;
				GCC_WARN_64_TO_32_BIT_CONVERSION = YES;
				GCC_WARN_ABOUT_RETURN_TYPE = YES;
				GCC_WARN_CHECK_SWITCH_STATEMENTS = YES;
				GCC_WARN_MISSING_PARENTHESES = YES;
				GCC_WARN_NON_VIRTUAL_DESTRUCTOR = YES;
				GCC_WARN_TYPECHECK_CALLS_TO_PRINTF = YES;
				GCC_WARN_UNDECLARED_SELECTOR = YES;
				GCC_WARN_UNINITIALIZED_AUTOS = YES;
				GCC_WARN_UNUSED_FUNCTION = YES;
				GCC_WARN_UNUSED_VARIABLE = YES;
				PRODUCT_NAME = "Synth-A-Modeler-Designer";
				WARNING_CFLAGS = -Wreorder;
				ZERO_LINK = NO; }; name = Release; };
		8EAA9BAA68F022AF64E1AE62 = {isa = PBXTargetDependency; target = B7377D7015CFCDD526F5DC90; };
		E06CEDCE05EB0F43F76924E8 = {isa = XCConfigurationList; buildConfigurations = (
					CB7D49DC606871A43686D7A5,
					9A75537CD7000D20379515CF, ); defaultConfigurationIsVisible = 0; defaultConfigurationName = Debug; };
		7A834BD0809A4FDD28D033A2 = {isa = XCConfigurationList; buildConfigurations = (
					16F50977D9C4661257B177BD,
					D244B2734022FB608DA18B4D, ); defaultConfigurationIsVisible = 0; defaultConfigurationName = Debug; };
		BAEAFC735666FC1FB034D396 = {isa = PBXResourcesBuildPhase; buildActionMask = 2147483647; files = (
					AFBF4044772BECFC6106AD2B,
					AA3C5D68C05814D78F045038, ); runOnlyForDeploymentPostprocessing = 0; };
		C9BBC46B7EE160113FA04AC3 = {isa = PBXSourcesBuildPhase; buildActionMask = 2147483647; files = (
					64CE167D9EA4E20C589CCB69,
					3F070DE472DDDA36EA72EF9B,
					DED462ACFBB280BB658AC21C,
					23208667494A9D6B47CA6A6C,
					20BF338360DC66BD58AC88C6,
					5AD1A48882E1D42B3970FF13,
					F3858DB2B528570D27F20090,
					199B58018DEF2008BFBB6554,
					06B2037F22F395C83BE71359,
					C23304AF5660C122F7B90274,
					ADB618F5F2C74B8A3F1C750B,
					7FA1644AAE34F625F90C6286,
					8D75E659F09BB246F1464E2C,
					296079ECECD1142FFBEC6CBA,
					688D47805EB0879D6D79A329,
					8E2CCD692EA59E479E694203,
					B26298B360E0E26D2575FA17,
					AE6992365DCAF8B939986B88,
					E48AE01361F34A49F55897C9,
					2D54C02C18296A81E6C977A9,
					14D5D6100218D84C68420673,
					B191AABF42631FA06D8A185F,
					99082F613B373758743F33BF,
					F3BE3E053459E88AD012F326,
					327AF3D9942A4743F9A9AEA9,
					942A52A05DC815EBD4FA8915,
					8E4F5F4950B7AB6B0A59AE3D,
					2408AA7B3FFFD38D6C3A4F54,
					27BA49322E5BABB9B1F42BC5,
					EED673758A6FC7D0A6B0C52F,
					C2D7ABF4039BE0B2374FB5DE,
					D30FB772D84FB13EAA11B636,
					B6AE5F82D525BD83BF57B741,
					6233E369A3662EDEF7B8623F,
					E26D7AEB9EF0AC0653A4CB78,
					0B848E16E85ED1F52DF80907,
					57419BFD0B4B9B1E69964213,
					3E9E10D6F7EB3CB67FD1DB53,
					F4269B09E4EFCC4B97975750,
					1D9D8391368BB021BF33FA4B,
					68239DD66E72F84CE1F6B9C6,
					D673353C99BD85D8A990BAD9,
					730F95F47F2F36C48A2192E5,
					EFCA607CD9BFE5FFB0C5EB4F,
					106CA89A4BFF31693AE6623A,
					D95AADE70149AA5C757D3E95,
					CE3A1737CA7CCBC375B9DCE5,
					3992C8972AF006A60D72FE06,
					70002F801E7C5DE4FCBBEF82,
					2D65174E4252E7B0DDE73A95,
					868BA16EC241782C7B738A59,
					55CDC19B358583F23B28AC29,
					6EB421FE7A2B90EEB017A6DA,
					9747606D292CC695624A3D5B,
					A264007561AB6B4F67CB6D6F,
					06FDC5F5ABB489D94684F058,
					B8F9F77021BD294026D7884D,
					79326E3D8A64D08EE4A8EE24, ); runOnlyForDeploymentPostprocessing = 0; };
		3A7AC2F0A03CCF937D8BE375 = {isa = PBXFrameworksBuildPhase; buildActionMask = 2147483647; files = (
					CAC7DC948327673F6BE5D9E9,
					C3346BCABB32CB0CD0FF2138,
					38AB9539F28F38BB41116F93,
					9801BAB27513D0218E644B04,
					51996B554A8CFAFCBE2536F8, ); runOnlyForDeploymentPostprocessing = 0; };
		B7377D7015CFCDD526F5DC90 = {isa = PBXNativeTarget; buildConfigurationList = 7A834BD0809A4FDD28D033A2; buildPhases = (
					BAEAFC735666FC1FB034D396,
					C9BBC46B7EE160113FA04AC3,
					3A7AC2F0A03CCF937D8BE375, ); buildRules = ( ); dependencies = (  ); name = "Synth-A-Modeler-Designer - App"; productName = "Synth-A-Modeler-Designer"; productReference = 7475A580CCFAAF8CFA92087D; productType = "com.apple.product-type.application"; };
		7A4EA1072089224BA580C8C5 = {isa = PBXProject; buildConfigurationList = E06CEDCE05EB0F43F76924E8; attributes = { LastUpgradeCheck = 0830; ORGANIZATIONNAME = ""; TargetAttributes = { B7377D7015CFCDD526F5DC90 = { SystemCapabilities = {com.apple.ApplicationGroups.iOS = { enabled = 0; }; com.apple.InAppPurchase = { enabled = 0; }; com.apple.InterAppAudio = { enabled = 0; }; com.apple.Push = { enabled = 0; }; com.apple.Sandbox = { enabled = 0; }; }; }; }; }; compatibilityVersion = "Xcode 3.2"; hasScannedForEncodings = 0; mainGroup = 55A50953C9250DCBED9B2127; projectDirPath = ""; projectRoot = ""; targets = (B7377D7015CFCDD526F5DC90); };
	};
	rootObject = 7A4EA1072089224BA580C8C5;
}
